
Microsoft Visual Studio Solution File, Format Version 12.00
# Visual Studio Version 17
VisualStudioVersion = 17.9.34701.34
MinimumVisualStudioVersion = 10.0.40219.1
Project("{FAE04EC0-301F-11D3-BF4B-00C04F79EFBC}") = "TuesdayDemo", "TuesdayDemo\TuesdayDemo.csproj", "{5D3B6423-33B3-4344-8B7D-3DDCC18636E1}"
EndProject
Global
	GlobalSection(SolutionConfigurationPlatforms) = preSolution
		Debug|Any CPU = Debug|Any CPU
		Release|Any CPU = Release|Any CPU
	EndGlobalSection
	GlobalSection(ProjectConfigurationPlatforms) = postSolution
		{5D3B6423-33B3-4344-8B7D-3DDCC18636E1}.Debug|Any CPU.ActiveCfg = Debug|Any CPU
		{5D3B6423-33B3-4344-8B7D-3DDCC18636E1}.Debug|Any CPU.Build.0 = Debug|Any CPU
		{5D3B6423-33B3-4344-8B7D-3DDCC18636E1}.Release|Any CPU.ActiveCfg = Release|Any CPU
		{5D3B6423-33B3-4344-8B7D-3DDCC18636E1}.Release|Any CPU.Build.0 = Release|Any CPU
	EndGlobalSection
	GlobalSection(SolutionProperties) = preSolution
		HideSolutionNode = FALSE
	EndGlobalSection
	GlobalSection(ExtensibilityGlobals) = postSolution
		SolutionGuid = {6BABA15F-AD12-4F62-82A7-6299054F3300}
	EndGlobalSection
EndGlobal
